// !$*UTF8*$!
{
	archiveVersion = 1;
	classes = {
	};
	objectVersion = 50;
	objects = {

/* Begin PBXBuildFile section */
		6BEFE399250EBA9B00372A40 /* cartrolUITests.swift in Sources */ = {isa = PBXBuildFile; fileRef = 6BEFE398250EBA9B00372A40 /* cartrolUITests.swift */; };
		A914804C20A8115A000444B2 /* GameViewController.swift in Sources */ = {isa = PBXBuildFile; fileRef = A914804B20A81159000444B2 /* GameViewController.swift */; };
		A914805020A81327000444B2 /* GameScene.sks in Resources */ = {isa = PBXBuildFile; fileRef = A914804E20A81327000444B2 /* GameScene.sks */; };
		A914805120A81327000444B2 /* Actions.sks in Resources */ = {isa = PBXBuildFile; fileRef = A914804F20A81327000444B2 /* Actions.sks */; };
		A914805420A81DC2000444B2 /* GameScene.swift in Sources */ = {isa = PBXBuildFile; fileRef = A914805320A81DC2000444B2 /* GameScene.swift */; };
		A925A8B720A775C400B00291 /* AppDelegate.swift in Sources */ = {isa = PBXBuildFile; fileRef = A925A8B620A775C400B00291 /* AppDelegate.swift */; };
		A925A8B920A775C400B00291 /* ConnectViewController.swift in Sources */ = {isa = PBXBuildFile; fileRef = A925A8B820A775C400B00291 /* ConnectViewController.swift */; };
		A925A8BC20A775C400B00291 /* Main.storyboard in Resources */ = {isa = PBXBuildFile; fileRef = A925A8BA20A775C400B00291 /* Main.storyboard */; };
		A925A8BE20A775C600B00291 /* Assets.xcassets in Resources */ = {isa = PBXBuildFile; fileRef = A925A8BD20A775C600B00291 /* Assets.xcassets */; };
		A925A8C120A775C600B00291 /* LaunchScreen.storyboard in Resources */ = {isa = PBXBuildFile; fileRef = A925A8BF20A775C600B00291 /* LaunchScreen.storyboard */; };
		A925A8CC20A775C600B00291 /* cartrolTests.swift in Sources */ = {isa = PBXBuildFile; fileRef = A925A8CB20A775C600B00291 /* cartrolTests.swift */; };
		A925A8D920A77AC000B00291 /* ctButton.swift in Sources */ = {isa = PBXBuildFile; fileRef = A925A8D820A77AC000B00291 /* ctButton.swift */; };
		A925A8DB20A77AE300B00291 /* CalibrateViewController.swift in Sources */ = {isa = PBXBuildFile; fileRef = A925A8DA20A77AE300B00291 /* CalibrateViewController.swift */; };
		A925A8DF20A77C7F00B00291 /* Sender.swift in Sources */ = {isa = PBXBuildFile; fileRef = A925A8DE20A77C7F00B00291 /* Sender.swift */; };
		A965E47A224FD8FF0004C514 /* MapViewController.swift in Sources */ = {isa = PBXBuildFile; fileRef = A965E479224FD8FF0004C514 /* MapViewController.swift */; };
		A965E47C224FE3E00004C514 /* SetupViewController.swift in Sources */ = {isa = PBXBuildFile; fileRef = A965E47B224FE3E00004C514 /* SetupViewController.swift */; };
		A965E47E22553BEF0004C514 /* MapView.swift in Sources */ = {isa = PBXBuildFile; fileRef = A965E47D22553BEF0004C514 /* MapView.swift */; };
		A965E482225A54EC0004C514 /* ControlView.swift in Sources */ = {isa = PBXBuildFile; fileRef = A965E481225A54EC0004C514 /* ControlView.swift */; };
		A9BE480C2193CAD300978371 /* DirectViewController.swift in Sources */ = {isa = PBXBuildFile; fileRef = A9BE480B2193CAD300978371 /* DirectViewController.swift */; };
/* End PBXBuildFile section */

/* Begin PBXContainerItemProxy section */
		6BEFE39B250EBA9B00372A40 /* PBXContainerItemProxy */ = {
			isa = PBXContainerItemProxy;
			containerPortal = A925A8AB20A775C400B00291 /* Project object */;
			proxyType = 1;
			remoteGlobalIDString = A925A8B220A775C400B00291;
			remoteInfo = cartrol;
		};
		A925A8C820A775C600B00291 /* PBXContainerItemProxy */ = {
			isa = PBXContainerItemProxy;
			containerPortal = A925A8AB20A775C400B00291 /* Project object */;
			proxyType = 1;
			remoteGlobalIDString = A925A8B220A775C400B00291;
			remoteInfo = cartrol;
		};
/* End PBXContainerItemProxy section */

/* Begin PBXFileReference section */
		6BEFE396250EBA9A00372A40 /* cartrolUITests.xctest */ = {isa = PBXFileReference; explicitFileType = wrapper.cfbundle; includeInIndex = 0; path = cartrolUITests.xctest; sourceTree = BUILT_PRODUCTS_DIR; };
		6BEFE398250EBA9B00372A40 /* cartrolUITests.swift */ = {isa = PBXFileReference; lastKnownFileType = sourcecode.swift; path = cartrolUITests.swift; sourceTree = "<group>"; };
		6BEFE39A250EBA9B00372A40 /* Info.plist */ = {isa = PBXFileReference; lastKnownFileType = text.plist.xml; path = Info.plist; sourceTree = "<group>"; };
		A914804B20A81159000444B2 /* GameViewController.swift */ = {isa = PBXFileReference; fileEncoding = 4; lastKnownFileType = sourcecode.swift; path = GameViewController.swift; sourceTree = "<group>"; };
		A914804E20A81327000444B2 /* GameScene.sks */ = {isa = PBXFileReference; lastKnownFileType = file.sks; path = GameScene.sks; sourceTree = "<group>"; };
		A914804F20A81327000444B2 /* Actions.sks */ = {isa = PBXFileReference; lastKnownFileType = file.sks; path = Actions.sks; sourceTree = "<group>"; };
		A914805320A81DC2000444B2 /* GameScene.swift */ = {isa = PBXFileReference; fileEncoding = 4; lastKnownFileType = sourcecode.swift; path = GameScene.swift; sourceTree = "<group>"; };
		A914805520A9518B000444B2 /* README.md */ = {isa = PBXFileReference; lastKnownFileType = net.daringfireball.markdown; path = README.md; sourceTree = "<group>"; };
		A925A8B320A775C400B00291 /* cartrol.app */ = {isa = PBXFileReference; explicitFileType = wrapper.application; includeInIndex = 0; path = cartrol.app; sourceTree = BUILT_PRODUCTS_DIR; };
		A925A8B620A775C400B00291 /* AppDelegate.swift */ = {isa = PBXFileReference; lastKnownFileType = sourcecode.swift; path = AppDelegate.swift; sourceTree = "<group>"; };
		A925A8B820A775C400B00291 /* ConnectViewController.swift */ = {isa = PBXFileReference; lastKnownFileType = sourcecode.swift; path = ConnectViewController.swift; sourceTree = "<group>"; };
		A925A8BB20A775C400B00291 /* Base */ = {isa = PBXFileReference; lastKnownFileType = file.storyboard; name = Base; path = Base.lproj/Main.storyboard; sourceTree = "<group>"; };
		A925A8BD20A775C600B00291 /* Assets.xcassets */ = {isa = PBXFileReference; lastKnownFileType = folder.assetcatalog; path = Assets.xcassets; sourceTree = "<group>"; };
		A925A8C020A775C600B00291 /* Base */ = {isa = PBXFileReference; lastKnownFileType = file.storyboard; name = Base; path = Base.lproj/LaunchScreen.storyboard; sourceTree = "<group>"; };
		A925A8C220A775C600B00291 /* Info.plist */ = {isa = PBXFileReference; lastKnownFileType = text.plist.xml; path = Info.plist; sourceTree = "<group>"; };
		A925A8C720A775C600B00291 /* cartrolTests.xctest */ = {isa = PBXFileReference; explicitFileType = wrapper.cfbundle; includeInIndex = 0; path = cartrolTests.xctest; sourceTree = BUILT_PRODUCTS_DIR; };
		A925A8CB20A775C600B00291 /* cartrolTests.swift */ = {isa = PBXFileReference; lastKnownFileType = sourcecode.swift; path = cartrolTests.swift; sourceTree = "<group>"; };
		A925A8CD20A775C600B00291 /* Info.plist */ = {isa = PBXFileReference; lastKnownFileType = text.plist.xml; path = Info.plist; sourceTree = "<group>"; };
		A925A8D820A77AC000B00291 /* ctButton.swift */ = {isa = PBXFileReference; fileEncoding = 4; lastKnownFileType = sourcecode.swift; path = ctButton.swift; sourceTree = "<group>"; };
		A925A8DA20A77AE300B00291 /* CalibrateViewController.swift */ = {isa = PBXFileReference; lastKnownFileType = sourcecode.swift; path = CalibrateViewController.swift; sourceTree = "<group>"; };
		A925A8DE20A77C7F00B00291 /* Sender.swift */ = {isa = PBXFileReference; fileEncoding = 4; lastKnownFileType = sourcecode.swift; path = Sender.swift; sourceTree = "<group>"; };
		A965E479224FD8FF0004C514 /* MapViewController.swift */ = {isa = PBXFileReference; lastKnownFileType = sourcecode.swift; path = MapViewController.swift; sourceTree = "<group>"; };
		A965E47B224FE3E00004C514 /* SetupViewController.swift */ = {isa = PBXFileReference; lastKnownFileType = sourcecode.swift; path = SetupViewController.swift; sourceTree = "<group>"; };
		A965E47D22553BEF0004C514 /* MapView.swift */ = {isa = PBXFileReference; lastKnownFileType = sourcecode.swift; path = MapView.swift; sourceTree = "<group>"; };
		A965E481225A54EC0004C514 /* ControlView.swift */ = {isa = PBXFileReference; lastKnownFileType = sourcecode.swift; path = ControlView.swift; sourceTree = "<group>"; };
		A9BE480B2193CAD300978371 /* DirectViewController.swift */ = {isa = PBXFileReference; lastKnownFileType = sourcecode.swift; path = DirectViewController.swift; sourceTree = "<group>"; };
/* End PBXFileReference section */

/* Begin PBXFrameworksBuildPhase section */
		6BEFE393250EBA9A00372A40 /* Frameworks */ = {
			isa = PBXFrameworksBuildPhase;
			buildActionMask = 2147483647;
			files = (
			);
			runOnlyForDeploymentPostprocessing = 0;
		};
		A925A8B020A775C400B00291 /* Frameworks */ = {
			isa = PBXFrameworksBuildPhase;
			buildActionMask = 2147483647;
			files = (
			);
			runOnlyForDeploymentPostprocessing = 0;
		};
		A925A8C420A775C600B00291 /* Frameworks */ = {
			isa = PBXFrameworksBuildPhase;
			buildActionMask = 2147483647;
			files = (
			);
			runOnlyForDeploymentPostprocessing = 0;
		};
/* End PBXFrameworksBuildPhase section */

/* Begin PBXGroup section */
		6BEFE397250EBA9A00372A40 /* cartrolUITests */ = {
			isa = PBXGroup;
			children = (
				6BEFE398250EBA9B00372A40 /* cartrolUITests.swift */,
				6BEFE39A250EBA9B00372A40 /* Info.plist */,
			);
			path = cartrolUITests;
			sourceTree = "<group>";
		};
		A914804D20A81310000444B2 /* Scenes */ = {
			isa = PBXGroup;
			children = (
				A914804F20A81327000444B2 /* Actions.sks */,
				A914804E20A81327000444B2 /* GameScene.sks */,
				A914805320A81DC2000444B2 /* GameScene.swift */,
			);
			path = Scenes;
			sourceTree = "<group>";
		};
		A925A8AA20A775C400B00291 = {
			isa = PBXGroup;
			children = (
				A925A8B520A775C400B00291 /* cartrol */,
				A925A8CA20A775C600B00291 /* cartrolTests */,
				6BEFE397250EBA9A00372A40 /* cartrolUITests */,
				A925A8B420A775C400B00291 /* Products */,
			);
			sourceTree = "<group>";
		};
		A925A8B420A775C400B00291 /* Products */ = {
			isa = PBXGroup;
			children = (
				A925A8B320A775C400B00291 /* cartrol.app */,
				A925A8C720A775C600B00291 /* cartrolTests.xctest */,
				6BEFE396250EBA9A00372A40 /* cartrolUITests.xctest */,
			);
			name = Products;
			sourceTree = "<group>";
		};
		A925A8B520A775C400B00291 /* cartrol */ = {
			isa = PBXGroup;
			children = (
				A965E48022553C430004C514 /* Views */,
				A914804D20A81310000444B2 /* Scenes */,
				A925A8DD20A77C5C00B00291 /* Utilities */,
				A925A8D720A77AA500B00291 /* Controls */,
				A925A8D620A775EC00B00291 /* ViewControllers */,
				A925A8B620A775C400B00291 /* AppDelegate.swift */,
				A925A8BA20A775C400B00291 /* Main.storyboard */,
				A925A8BD20A775C600B00291 /* Assets.xcassets */,
				A925A8BF20A775C600B00291 /* LaunchScreen.storyboard */,
				A925A8C220A775C600B00291 /* Info.plist */,
				A914805520A9518B000444B2 /* README.md */,
			);
			path = cartrol;
			sourceTree = "<group>";
		};
		A925A8CA20A775C600B00291 /* cartrolTests */ = {
			isa = PBXGroup;
			children = (
				A925A8CB20A775C600B00291 /* cartrolTests.swift */,
				A925A8CD20A775C600B00291 /* Info.plist */,
			);
			path = cartrolTests;
			sourceTree = "<group>";
		};
		A925A8D620A775EC00B00291 /* ViewControllers */ = {
			isa = PBXGroup;
			children = (
				A925A8B820A775C400B00291 /* ConnectViewController.swift */,
				A925A8DA20A77AE300B00291 /* CalibrateViewController.swift */,
				A9BE480B2193CAD300978371 /* DirectViewController.swift */,
				A914804B20A81159000444B2 /* GameViewController.swift */,
				A965E479224FD8FF0004C514 /* MapViewController.swift */,
				A965E47B224FE3E00004C514 /* SetupViewController.swift */,
			);
			path = ViewControllers;
			sourceTree = "<group>";
		};
		A925A8D720A77AA500B00291 /* Controls */ = {
			isa = PBXGroup;
			children = (
				A925A8D820A77AC000B00291 /* ctButton.swift */,
			);
			path = Controls;
			sourceTree = "<group>";
		};
		A925A8DD20A77C5C00B00291 /* Utilities */ = {
			isa = PBXGroup;
			children = (
				A925A8DE20A77C7F00B00291 /* Sender.swift */,
			);
			path = Utilities;
			sourceTree = "<group>";
		};
		A965E48022553C430004C514 /* Views */ = {
			isa = PBXGroup;
			children = (
				A965E47D22553BEF0004C514 /* MapView.swift */,
				A965E481225A54EC0004C514 /* ControlView.swift */,
			);
			name = Views;
			sourceTree = "<group>";
		};
/* End PBXGroup section */

/* Begin PBXNativeTarget section */
		6BEFE395250EBA9A00372A40 /* cartrolUITests */ = {
			isa = PBXNativeTarget;
			buildConfigurationList = 6BEFE39F250EBA9B00372A40 /* Build configuration list for PBXNativeTarget "cartrolUITests" */;
			buildPhases = (
				6BEFE392250EBA9A00372A40 /* Sources */,
				6BEFE393250EBA9A00372A40 /* Frameworks */,
				6BEFE394250EBA9A00372A40 /* Resources */,
			);
			buildRules = (
			);
			dependencies = (
				6BEFE39C250EBA9B00372A40 /* PBXTargetDependency */,
			);
			name = cartrolUITests;
			productName = cartrolUITests;
			productReference = 6BEFE396250EBA9A00372A40 /* cartrolUITests.xctest */;
			productType = "com.apple.product-type.bundle.ui-testing";
		};
		A925A8B220A775C400B00291 /* cartrol */ = {
			isa = PBXNativeTarget;
			buildConfigurationList = A925A8D020A775C600B00291 /* Build configuration list for PBXNativeTarget "cartrol" */;
			buildPhases = (
				A925A8AF20A775C400B00291 /* Sources */,
				A925A8B020A775C400B00291 /* Frameworks */,
				A925A8B120A775C400B00291 /* Resources */,
			);
			buildRules = (
			);
			dependencies = (
			);
			name = cartrol;
			productName = cartrol;
			productReference = A925A8B320A775C400B00291 /* cartrol.app */;
			productType = "com.apple.product-type.application";
		};
		A925A8C620A775C600B00291 /* cartrolTests */ = {
			isa = PBXNativeTarget;
			buildConfigurationList = A925A8D320A775C600B00291 /* Build configuration list for PBXNativeTarget "cartrolTests" */;
			buildPhases = (
				A925A8C320A775C600B00291 /* Sources */,
				A925A8C420A775C600B00291 /* Frameworks */,
				A925A8C520A775C600B00291 /* Resources */,
			);
			buildRules = (
			);
			dependencies = (
				A925A8C920A775C600B00291 /* PBXTargetDependency */,
			);
			name = cartrolTests;
			productName = cartrolTests;
			productReference = A925A8C720A775C600B00291 /* cartrolTests.xctest */;
			productType = "com.apple.product-type.bundle.unit-test";
		};
/* End PBXNativeTarget section */

/* Begin PBXProject section */
		A925A8AB20A775C400B00291 /* Project object */ = {
			isa = PBXProject;
			attributes = {
				LastSwiftUpdateCheck = 1170;
				LastUpgradeCheck = 0930;
				ORGANIZATIONNAME = billsnook;
				TargetAttributes = {
					6BEFE395250EBA9A00372A40 = {
						CreatedOnToolsVersion = 11.7;
						TestTargetID = A925A8B220A775C400B00291;
					};
					A925A8B220A775C400B00291 = {
						CreatedOnToolsVersion = 9.3.1;
						LastSwiftMigration = 1020;
					};
					A925A8C620A775C600B00291 = {
						CreatedOnToolsVersion = 9.3.1;
						LastSwiftMigration = 1020;
						TestTargetID = A925A8B220A775C400B00291;
					};
				};
			};
			buildConfigurationList = A925A8AE20A775C400B00291 /* Build configuration list for PBXProject "cartrol" */;
			compatibilityVersion = "Xcode 9.3";
			developmentRegion = en;
			hasScannedForEncodings = 0;
			knownRegions = (
				en,
				Base,
			);
			mainGroup = A925A8AA20A775C400B00291;
			productRefGroup = A925A8B420A775C400B00291 /* Products */;
			projectDirPath = "";
			projectRoot = "";
			targets = (
				A925A8B220A775C400B00291 /* cartrol */,
				A925A8C620A775C600B00291 /* cartrolTests */,
				6BEFE395250EBA9A00372A40 /* cartrolUITests */,
			);
		};
/* End PBXProject section */

/* Begin PBXResourcesBuildPhase section */
		6BEFE394250EBA9A00372A40 /* Resources */ = {
			isa = PBXResourcesBuildPhase;
			buildActionMask = 2147483647;
			files = (
			);
			runOnlyForDeploymentPostprocessing = 0;
		};
		A925A8B120A775C400B00291 /* Resources */ = {
			isa = PBXResourcesBuildPhase;
			buildActionMask = 2147483647;
			files = (
				A914805020A81327000444B2 /* GameScene.sks in Resources */,
				A925A8C120A775C600B00291 /* LaunchScreen.storyboard in Resources */,
				A925A8BE20A775C600B00291 /* Assets.xcassets in Resources */,
				A925A8BC20A775C400B00291 /* Main.storyboard in Resources */,
				A914805120A81327000444B2 /* Actions.sks in Resources */,
			);
			runOnlyForDeploymentPostprocessing = 0;
		};
		A925A8C520A775C600B00291 /* Resources */ = {
			isa = PBXResourcesBuildPhase;
			buildActionMask = 2147483647;
			files = (
			);
			runOnlyForDeploymentPostprocessing = 0;
		};
/* End PBXResourcesBuildPhase section */

/* Begin PBXSourcesBuildPhase section */
		6BEFE392250EBA9A00372A40 /* Sources */ = {
			isa = PBXSourcesBuildPhase;
			buildActionMask = 2147483647;
			files = (
				6BEFE399250EBA9B00372A40 /* cartrolUITests.swift in Sources */,
			);
			runOnlyForDeploymentPostprocessing = 0;
		};
		A925A8AF20A775C400B00291 /* Sources */ = {
			isa = PBXSourcesBuildPhase;
			buildActionMask = 2147483647;
			files = (
				A925A8B920A775C400B00291 /* ConnectViewController.swift in Sources */,
				A925A8D920A77AC000B00291 /* ctButton.swift in Sources */,
				A925A8DB20A77AE300B00291 /* CalibrateViewController.swift in Sources */,
				A965E47E22553BEF0004C514 /* MapView.swift in Sources */,
				A965E482225A54EC0004C514 /* ControlView.swift in Sources */,
				A925A8B720A775C400B00291 /* AppDelegate.swift in Sources */,
				A965E47C224FE3E00004C514 /* SetupViewController.swift in Sources */,
				A965E47A224FD8FF0004C514 /* MapViewController.swift in Sources */,
				A914804C20A8115A000444B2 /* GameViewController.swift in Sources */,
				A914805420A81DC2000444B2 /* GameScene.swift in Sources */,
				A925A8DF20A77C7F00B00291 /* Sender.swift in Sources */,
				A9BE480C2193CAD300978371 /* DirectViewController.swift in Sources */,
			);
			runOnlyForDeploymentPostprocessing = 0;
		};
		A925A8C320A775C600B00291 /* Sources */ = {
			isa = PBXSourcesBuildPhase;
			buildActionMask = 2147483647;
			files = (
				A925A8CC20A775C600B00291 /* cartrolTests.swift in Sources */,
			);
			runOnlyForDeploymentPostprocessing = 0;
		};
/* End PBXSourcesBuildPhase section */

/* Begin PBXTargetDependency section */
		6BEFE39C250EBA9B00372A40 /* PBXTargetDependency */ = {
			isa = PBXTargetDependency;
			target = A925A8B220A775C400B00291 /* cartrol */;
			targetProxy = 6BEFE39B250EBA9B00372A40 /* PBXContainerItemProxy */;
		};
		A925A8C920A775C600B00291 /* PBXTargetDependency */ = {
			isa = PBXTargetDependency;
			target = A925A8B220A775C400B00291 /* cartrol */;
			targetProxy = A925A8C820A775C600B00291 /* PBXContainerItemProxy */;
		};
/* End PBXTargetDependency section */

/* Begin PBXVariantGroup section */
		A925A8BA20A775C400B00291 /* Main.storyboard */ = {
			isa = PBXVariantGroup;
			children = (
				A925A8BB20A775C400B00291 /* Base */,
			);
			name = Main.storyboard;
			sourceTree = "<group>";
		};
		A925A8BF20A775C600B00291 /* LaunchScreen.storyboard */ = {
			isa = PBXVariantGroup;
			children = (
				A925A8C020A775C600B00291 /* Base */,
			);
			name = LaunchScreen.storyboard;
			sourceTree = "<group>";
		};
/* End PBXVariantGroup section */

/* Begin XCBuildConfiguration section */
		6BEFE39D250EBA9B00372A40 /* Debug */ = {
			isa = XCBuildConfiguration;
			buildSettings = {
				CODE_SIGN_STYLE = Automatic;
				DEVELOPMENT_TEAM = D84KDEPN2N;
				INFOPLIST_FILE = cartrolUITests/Info.plist;
				IPHONEOS_DEPLOYMENT_TARGET = 13.7;
				LD_RUNPATH_SEARCH_PATHS = (
					"$(inherited)",
					"@executable_path/Frameworks",
					"@loader_path/Frameworks",
				);
				MTL_ENABLE_DEBUG_INFO = INCLUDE_SOURCE;
				MTL_FAST_MATH = YES;
				PRODUCT_BUNDLE_IDENTIFIER = com.billsnook.test.cartrolUITests;
				PRODUCT_NAME = "$(TARGET_NAME)";
				SWIFT_VERSION = 5.0;
				TARGETED_DEVICE_FAMILY = "1,2";
				TEST_TARGET_NAME = cartrol;
			};
			name = Debug;
		};
		6BEFE39E250EBA9B00372A40 /* Release */ = {
			isa = XCBuildConfiguration;
			buildSettings = {
				CODE_SIGN_STYLE = Automatic;
				DEVELOPMENT_TEAM = D84KDEPN2N;
				INFOPLIST_FILE = cartrolUITests/Info.plist;
				IPHONEOS_DEPLOYMENT_TARGET = 13.7;
				LD_RUNPATH_SEARCH_PATHS = (
					"$(inherited)",
					"@executable_path/Frameworks",
					"@loader_path/Frameworks",
				);
				MTL_FAST_MATH = YES;
				PRODUCT_BUNDLE_IDENTIFIER = com.billsnook.test.cartrolUITests;
				PRODUCT_NAME = "$(TARGET_NAME)";
				SWIFT_VERSION = 5.0;
				TARGETED_DEVICE_FAMILY = "1,2";
				TEST_TARGET_NAME = cartrol;
			};
			name = Release;
		};
		A925A8CE20A775C600B00291 /* Debug */ = {
			isa = XCBuildConfiguration;
			buildSettings = {
				ALWAYS_SEARCH_USER_PATHS = NO;
				CLANG_ANALYZER_NONNULL = YES;
				CLANG_ANALYZER_NUMBER_OBJECT_CONVERSION = YES_AGGRESSIVE;
				CLANG_CXX_LANGUAGE_STANDARD = "gnu++14";
				CLANG_CXX_LIBRARY = "libc++";
				CLANG_ENABLE_MODULES = YES;
				CLANG_ENABLE_OBJC_ARC = YES;
				CLANG_ENABLE_OBJC_WEAK = YES;
				CLANG_WARN_BLOCK_CAPTURE_AUTORELEASING = YES;
				CLANG_WARN_BOOL_CONVERSION = YES;
				CLANG_WARN_COMMA = YES;
				CLANG_WARN_CONSTANT_CONVERSION = YES;
				CLANG_WARN_DEPRECATED_OBJC_IMPLEMENTATIONS = YES;
				CLANG_WARN_DIRECT_OBJC_ISA_USAGE = YES_ERROR;
				CLANG_WARN_DOCUMENTATION_COMMENTS = YES;
				CLANG_WARN_EMPTY_BODY = YES;
				CLANG_WARN_ENUM_CONVERSION = YES;
				CLANG_WARN_INFINITE_RECURSION = YES;
				CLANG_WARN_INT_CONVERSION = YES;
				CLANG_WARN_NON_LITERAL_NULL_CONVERSION = YES;
				CLANG_WARN_OBJC_IMPLICIT_RETAIN_SELF = YES;
				CLANG_WARN_OBJC_LITERAL_CONVERSION = YES;
				CLANG_WARN_OBJC_ROOT_CLASS = YES_ERROR;
				CLANG_WARN_RANGE_LOOP_ANALYSIS = YES;
				CLANG_WARN_STRICT_PROTOTYPES = YES;
				CLANG_WARN_SUSPICIOUS_MOVE = YES;
				CLANG_WARN_UNGUARDED_AVAILABILITY = YES_AGGRESSIVE;
				CLANG_WARN_UNREACHABLE_CODE = YES;
				CLANG_WARN__DUPLICATE_METHOD_MATCH = YES;
				CODE_SIGN_IDENTITY = "iPhone Developer";
				COPY_PHASE_STRIP = NO;
				DEBUG_INFORMATION_FORMAT = dwarf;
				ENABLE_STRICT_OBJC_MSGSEND = YES;
				ENABLE_TESTABILITY = YES;
				GCC_C_LANGUAGE_STANDARD = gnu11;
				GCC_DYNAMIC_NO_PIC = NO;
				GCC_NO_COMMON_BLOCKS = YES;
				GCC_OPTIMIZATION_LEVEL = 0;
				GCC_PREPROCESSOR_DEFINITIONS = (
					"DEBUG=1",
					"$(inherited)",
				);
				GCC_WARN_64_TO_32_BIT_CONVERSION = YES;
				GCC_WARN_ABOUT_RETURN_TYPE = YES_ERROR;
				GCC_WARN_UNDECLARED_SELECTOR = YES;
				GCC_WARN_UNINITIALIZED_AUTOS = YES_AGGRESSIVE;
				GCC_WARN_UNUSED_FUNCTION = YES;
				GCC_WARN_UNUSED_VARIABLE = YES;
				IPHONEOS_DEPLOYMENT_TARGET = 11.3;
				MTL_ENABLE_DEBUG_INFO = YES;
				ONLY_ACTIVE_ARCH = YES;
				SDKROOT = iphoneos;
				SWIFT_ACTIVE_COMPILATION_CONDITIONS = DEBUG;
				SWIFT_OPTIMIZATION_LEVEL = "-Onone";
			};
			name = Debug;
		};
		A925A8CF20A775C600B00291 /* Release */ = {
			isa = XCBuildConfiguration;
			buildSettings = {
				ALWAYS_SEARCH_USER_PATHS = NO;
				CLANG_ANALYZER_NONNULL = YES;
				CLANG_ANALYZER_NUMBER_OBJECT_CONVERSION = YES_AGGRESSIVE;
				CLANG_CXX_LANGUAGE_STANDARD = "gnu++14";
				CLANG_CXX_LIBRARY = "libc++";
				CLANG_ENABLE_MODULES = YES;
				CLANG_ENABLE_OBJC_ARC = YES;
				CLANG_ENABLE_OBJC_WEAK = YES;
				CLANG_WARN_BLOCK_CAPTURE_AUTORELEASING = YES;
				CLANG_WARN_BOOL_CONVERSION = YES;
				CLANG_WARN_COMMA = YES;
				CLANG_WARN_CONSTANT_CONVERSION = YES;
				CLANG_WARN_DEPRECATED_OBJC_IMPLEMENTATIONS = YES;
				CLANG_WARN_DIRECT_OBJC_ISA_USAGE = YES_ERROR;
				CLANG_WARN_DOCUMENTATION_COMMENTS = YES;
				CLANG_WARN_EMPTY_BODY = YES;
				CLANG_WARN_ENUM_CONVERSION = YES;
				CLANG_WARN_INFINITE_RECURSION = YES;
				CLANG_WARN_INT_CONVERSION = YES;
				CLANG_WARN_NON_LITERAL_NULL_CONVERSION = YES;
				CLANG_WARN_OBJC_IMPLICIT_RETAIN_SELF = YES;
				CLANG_WARN_OBJC_LITERAL_CONVERSION = YES;
				CLANG_WARN_OBJC_ROOT_CLASS = YES_ERROR;
				CLANG_WARN_RANGE_LOOP_ANALYSIS = YES;
				CLANG_WARN_STRICT_PROTOTYPES = YES;
				CLANG_WARN_SUSPICIOUS_MOVE = YES;
				CLANG_WARN_UNGUARDED_AVAILABILITY = YES_AGGRESSIVE;
				CLANG_WARN_UNREACHABLE_CODE = YES;
				CLANG_WARN__DUPLICATE_METHOD_MATCH = YES;
				CODE_SIGN_IDENTITY = "iPhone Developer";
				COPY_PHASE_STRIP = NO;
				DEBUG_INFORMATION_FORMAT = "dwarf-with-dsym";
				ENABLE_NS_ASSERTIONS = NO;
				ENABLE_STRICT_OBJC_MSGSEND = YES;
				GCC_C_LANGUAGE_STANDARD = gnu11;
				GCC_NO_COMMON_BLOCKS = YES;
				GCC_WARN_64_TO_32_BIT_CONVERSION = YES;
				GCC_WARN_ABOUT_RETURN_TYPE = YES_ERROR;
				GCC_WARN_UNDECLARED_SELECTOR = YES;
				GCC_WARN_UNINITIALIZED_AUTOS = YES_AGGRESSIVE;
				GCC_WARN_UNUSED_FUNCTION = YES;
				GCC_WARN_UNUSED_VARIABLE = YES;
				IPHONEOS_DEPLOYMENT_TARGET = 11.3;
				MTL_ENABLE_DEBUG_INFO = NO;
				SDKROOT = iphoneos;
				SWIFT_COMPILATION_MODE = wholemodule;
				SWIFT_OPTIMIZATION_LEVEL = "-O";
				VALIDATE_PRODUCT = YES;
			};
			name = Release;
		};
		A925A8D120A775C600B00291 /* Debug */ = {
			isa = XCBuildConfiguration;
			buildSettings = {
				ASSETCATALOG_COMPILER_APPICON_NAME = AppIcon;
				CODE_SIGN_STYLE = Automatic;
				DEVELOPMENT_TEAM = D84KDEPN2N;
				INFOPLIST_FILE = cartrol/Info.plist;
				IPHONEOS_DEPLOYMENT_TARGET = 13.0;
				LD_RUNPATH_SEARCH_PATHS = (
					"$(inherited)",
					"@executable_path/Frameworks",
				);
				PRODUCT_BUNDLE_IDENTIFIER = com.billsnook.test.cartrol;
				PRODUCT_NAME = "$(TARGET_NAME)";
				SWIFT_VERSION = 5.0;
				TARGETED_DEVICE_FAMILY = "1,2";
			};
			name = Debug;
		};
		A925A8D220A775C600B00291 /* Release */ = {
			isa = XCBuildConfiguration;
			buildSettings = {
				ASSETCATALOG_COMPILER_APPICON_NAME = AppIcon;
				CODE_SIGN_STYLE = Automatic;
				DEVELOPMENT_TEAM = D84KDEPN2N;
				INFOPLIST_FILE = cartrol/Info.plist;
				IPHONEOS_DEPLOYMENT_TARGET = 13.0;
				LD_RUNPATH_SEARCH_PATHS = (
					"$(inherited)",
					"@executable_path/Frameworks",
				);
				PRODUCT_BUNDLE_IDENTIFIER = com.billsnook.test.cartrol;
				PRODUCT_NAME = "$(TARGET_NAME)";
				SWIFT_VERSION = 5.0;
				TARGETED_DEVICE_FAMILY = "1,2";
			};
			name = Release;
		};
		A925A8D420A775C600B00291 /* Debug */ = {
			isa = XCBuildConfiguration;
			buildSettings = {
				ALWAYS_EMBED_SWIFT_STANDARD_LIBRARIES = YES;
				BUNDLE_LOADER = "$(TEST_HOST)";
				CODE_SIGN_STYLE = Automatic;
				DEVELOPMENT_TEAM = D84KDEPN2N;
				INFOPLIST_FILE = cartrolTests/Info.plist;
				LD_RUNPATH_SEARCH_PATHS = (
					"$(inherited)",
					"@executable_path/Frameworks",
					"@loader_path/Frameworks",
				);
				PRODUCT_BUNDLE_IDENTIFIER = com.billsnook.test.cartrolTests;
				PRODUCT_NAME = "$(TARGET_NAME)";
				SWIFT_VERSION = 5.0;
				TARGETED_DEVICE_FAMILY = "1,2";
				TEST_HOST = "$(BUILT_PRODUCTS_DIR)/cartrol.app/cartrol";
			};
			name = Debug;
		};
		A925A8D520A775C600B00291 /* Release */ = {
			isa = XCBuildConfiguration;
			buildSettings = {
				ALWAYS_EMBED_SWIFT_STANDARD_LIBRARIES = YES;
				BUNDLE_LOADER = "$(TEST_HOST)";
				CODE_SIGN_STYLE = Automatic;
				DEVELOPMENT_TEAM = D84KDEPN2N;
				INFOPLIST_FILE = cartrolTests/Info.plist;
				LD_RUNPATH_SEARCH_PATHS = (
					"$(inherited)",
					"@executable_path/Frameworks",
					"@loader_path/Frameworks",
				);
				PRODUCT_BUNDLE_IDENTIFIER = com.billsnook.test.cartrolTests;
				PRODUCT_NAME = "$(TARGET_NAME)";
				SWIFT_VERSION = 5.0;
				TARGETED_DEVICE_FAMILY = "1,2";
				TEST_HOST = "$(BUILT_PRODUCTS_DIR)/cartrol.app/cartrol";
			};
			name = Release;
		};
/* End XCBuildConfiguration section */

/* Begin XCConfigurationList section */
		6BEFE39F250EBA9B00372A40 /* Build configuration list for PBXNativeTarget "cartrolUITests" */ = {
			isa = XCConfigurationList;
			buildConfigurations = (
				6BEFE39D250EBA9B00372A40 /* Debug */,
				6BEFE39E250EBA9B00372A40 /* Release */,
			);
			defaultConfigurationIsVisible = 0;
			defaultConfigurationName = Release;
		};
		A925A8AE20A775C400B00291 /* Build configuration list for PBXProject "cartrol" */ = {
			isa = XCConfigurationList;
			buildConfigurations = (
				A925A8CE20A775C600B00291 /* Debug */,
				A925A8CF20A775C600B00291 /* Release */,
			);
			defaultConfigurationIsVisible = 0;
			defaultConfigurationName = Release;
		};
		A925A8D020A775C600B00291 /* Build configuration list for PBXNativeTarget "cartrol" */ = {
			isa = XCConfigurationList;
			buildConfigurations = (
				A925A8D120A775C600B00291 /* Debug */,
				A925A8D220A775C600B00291 /* Release */,
			);
			defaultConfigurationIsVisible = 0;
			defaultConfigurationName = Release;
		};
		A925A8D320A775C600B00291 /* Build configuration list for PBXNativeTarget "cartrolTests" */ = {
			isa = XCConfigurationList;
			buildConfigurations = (
				A925A8D420A775C600B00291 /* Debug */,
				A925A8D520A775C600B00291 /* Release */,
			);
			defaultConfigurationIsVisible = 0;
			defaultConfigurationName = Release;
		};
/* End XCConfigurationList section */
	};
	rootObject = A925A8AB20A775C400B00291 /* Project object */;
}
